
Microsoft Visual Studio Solution File, Format Version 12.00
# Visual Studio 15
VisualStudioVersion = 15.0.28010.2050
MinimumVisualStudioVersion = 10.0.40219.1
Project("{FAE04EC0-301F-11D3-BF4B-00C04F79EFBC}") = "MyLibrary.WebFormsUI", "MyLibrary\MyLibrary.WebFormsUI.csproj", "{10B4F9D3-29C1-4ECA-907D-E81F9D07C6FA}"
EndProject
Project("{FAE04EC0-301F-11D3-BF4B-00C04F79EFBC}") = "MyLibrary.Business", "MyLibrary.Business\MyLibrary.Business.csproj", "{ECE76229-4E7D-4414-B50E-F6822459700C}"
EndProject
Project("{FAE04EC0-301F-11D3-BF4B-00C04F79EFBC}") = "MyLibrary.DataAccess", "MyLibrary.DataAccess\MyLibrary.DataAccess.csproj", "{E333247D-9A92-425C-AE82-D58BB5D221B1}"
EndProject
Project("{FAE04EC0-301F-11D3-BF4B-00C04F79EFBC}") = "MyLibrary.Entities", "MyLibrary.Entities\MyLibrary.Entities.csproj", "{7B7D6F17-9B57-4613-A0DE-E985042E45E5}"
EndProject
Global
	GlobalSection(SolutionConfigurationPlatforms) = preSolution
		Debug|Any CPU = Debug|Any CPU
		Release|Any CPU = Release|Any CPU
	EndGlobalSection
	GlobalSection(ProjectConfigurationPlatforms) = postSolution
		{10B4F9D3-29C1-4ECA-907D-E81F9D07C6FA}.Debug|Any CPU.ActiveCfg = Debug|Any CPU
		{10B4F9D3-29C1-4ECA-907D-E81F9D07C6FA}.Debug|Any CPU.Build.0 = Debug|Any CPU
		{10B4F9D3-29C1-4ECA-907D-E81F9D07C6FA}.Release|Any CPU.ActiveCfg = Release|Any CPU
		{10B4F9D3-29C1-4ECA-907D-E81F9D07C6FA}.Release|Any CPU.Build.0 = Release|Any CPU
		{ECE76229-4E7D-4414-B50E-F6822459700C}.Debug|Any CPU.ActiveCfg = Debug|Any CPU
		{ECE76229-4E7D-4414-B50E-F6822459700C}.Debug|Any CPU.Build.0 = Debug|Any CPU
		{ECE76229-4E7D-4414-B50E-F6822459700C}.Release|Any CPU.ActiveCfg = Release|Any CPU
		{ECE76229-4E7D-4414-B50E-F6822459700C}.Release|Any CPU.Build.0 = Release|Any CPU
		{E333247D-9A92-425C-AE82-D58BB5D221B1}.Debug|Any CPU.ActiveCfg = Debug|Any CPU
		{E333247D-9A92-425C-AE82-D58BB5D221B1}.Debug|Any CPU.Build.0 = Debug|Any CPU
		{E333247D-9A92-425C-AE82-D58BB5D221B1}.Release|Any CPU.ActiveCfg = Release|Any CPU
		{E333247D-9A92-425C-AE82-D58BB5D221B1}.Release|Any CPU.Build.0 = Release|Any CPU
		{7B7D6F17-9B57-4613-A0DE-E985042E45E5}.Debug|Any CPU.ActiveCfg = Debug|Any CPU
		{7B7D6F17-9B57-4613-A0DE-E985042E45E5}.Debug|Any CPU.Build.0 = Debug|Any CPU
		{7B7D6F17-9B57-4613-A0DE-E985042E45E5}.Release|Any CPU.ActiveCfg = Release|Any CPU
		{7B7D6F17-9B57-4613-A0DE-E985042E45E5}.Release|Any CPU.Build.0 = Release|Any CPU
	EndGlobalSection
	GlobalSection(SolutionProperties) = preSolution
		HideSolutionNode = FALSE
	EndGlobalSection
	GlobalSection(ExtensibilityGlobals) = postSolution
		SolutionGuid = {C08565C1-1100-4ADB-8AD8-1EF5CE21BE97}
	EndGlobalSection
EndGlobal
